
Microsoft Visual Studio Solution File, Format Version 12.00
# Visual Studio 15
VisualStudioVersion = 15.0.28307.271
MinimumVisualStudioVersion = 10.0.40219.1
Project("{FAE04EC0-301F-11D3-BF4B-00C04F79EFBC}") = "KB-AspNetCore-Razor-EFCore-InMemory", "KB-AspNetCore-Razor-EFCore-InMemory\KB-AspNetCore-Razor-EFCore-InMemory.csproj", "{F0198043-2893-4784-9A65-2EEA707BE6EC}"
EndProject
Global
	GlobalSection(SolutionConfigurationPlatforms) = preSolution
		Debug|Any CPU = Debug|Any CPU
		Release|Any CPU = Release|Any CPU
	EndGlobalSection
	GlobalSection(ProjectConfigurationPlatforms) = postSolution
		{F0198043-2893-4784-9A65-2EEA707BE6EC}.Debug|Any CPU.ActiveCfg = Debug|Any CPU
		{F0198043-2893-4784-9A65-2EEA707BE6EC}.Debug|Any CPU.Build.0 = Debug|Any CPU
		{F0198043-2893-4784-9A65-2EEA707BE6EC}.Release|Any CPU.ActiveCfg = Release|Any CPU
		{F0198043-2893-4784-9A65-2EEA707BE6EC}.Release|Any CPU.Build.0 = Release|Any CPU
	EndGlobalSection
	GlobalSection(SolutionProperties) = preSolution
		HideSolutionNode = FALSE
	EndGlobalSection
	GlobalSection(ExtensibilityGlobals) = postSolution
		SolutionGuid = {88B28E00-8FA9-453B-8627-CE935C302F55}
	EndGlobalSection
EndGlobal
